
Microsoft Visual Studio Solution File, Format Version 12.00
# Visual Studio Version 17
VisualStudioVersion = 17.5.002.0
MinimumVisualStudioVersion = 10.0.40219.1
Project("{2150E333-8FDC-42A3-9474-1A3956D46DE8}") = "src", "src", "{93465851-C686-4E54-821E-2F3AA9A79F2D}"
EndProject
Project("{9A19103F-16F7-4668-BE54-9A1E7A4F7556}") = "Play.Inventory.Service", "src\Play.Inventory.Service\Play.Inventory.Service.csproj", "{BC3B904A-B0D3-4883-A209-E20E0F214996}"
EndProject
Global
	GlobalSection(SolutionConfigurationPlatforms) = preSolution
		Debug|Any CPU = Debug|Any CPU
		Release|Any CPU = Release|Any CPU
	EndGlobalSection
	GlobalSection(ProjectConfigurationPlatforms) = postSolution
		{BC3B904A-B0D3-4883-A209-E20E0F214996}.Debug|Any CPU.ActiveCfg = Debug|Any CPU
		{BC3B904A-B0D3-4883-A209-E20E0F214996}.Debug|Any CPU.Build.0 = Debug|Any CPU
		{BC3B904A-B0D3-4883-A209-E20E0F214996}.Release|Any CPU.ActiveCfg = Release|Any CPU
		{BC3B904A-B0D3-4883-A209-E20E0F214996}.Release|Any CPU.Build.0 = Release|Any CPU
	EndGlobalSection
	GlobalSection(SolutionProperties) = preSolution
		HideSolutionNode = FALSE
	EndGlobalSection
	GlobalSection(NestedProjects) = preSolution
		{BC3B904A-B0D3-4883-A209-E20E0F214996} = {93465851-C686-4E54-821E-2F3AA9A79F2D}
	EndGlobalSection
	GlobalSection(ExtensibilityGlobals) = postSolution
		SolutionGuid = {160F5E9C-8468-47E9-A0D3-F875B341D122}
	EndGlobalSection
EndGlobal
